// !$*UTF8*$!
{
	archiveVersion = 1;
	classes = {
	};
	objectVersion = 55;
	objects = {

/* Begin PBXBuildFile section */
		AA45F6B827065EC1001CD7DE /* CETACApp.swift in Sources */ = {isa = PBXBuildFile; fileRef = AA45F6B727065EC1001CD7DE /* CETACApp.swift */; };
		AA45F6BC27065EC9001CD7DE /* Assets.xcassets in Resources */ = {isa = PBXBuildFile; fileRef = AA45F6BB27065EC9001CD7DE /* Assets.xcassets */; };
		AA45F6BF27065EC9001CD7DE /* Preview Assets.xcassets in Resources */ = {isa = PBXBuildFile; fileRef = AA45F6BE27065EC9001CD7DE /* Preview Assets.xcassets */; };
		AA45F6CA27065F2C001CD7DE /* splashView.swift in Sources */ = {isa = PBXBuildFile; fileRef = AA45F6C927065F2C001CD7DE /* splashView.swift */; };
		AA45F6CE27065FBC001CD7DE /* loginView.swift in Sources */ = {isa = PBXBuildFile; fileRef = AA45F6CD27065FBC001CD7DE /* loginView.swift */; };
		AAE274C3270B4E1B00CC1717 /* listaUsuariosView.swift in Sources */ = {isa = PBXBuildFile; fileRef = AAE274C2270B4E1B00CC1717 /* listaUsuariosView.swift */; };
		AAE274C5270B5C8700CC1717 /* inicioView.swift in Sources */ = {isa = PBXBuildFile; fileRef = AAE274C4270B5C8700CC1717 /* inicioView.swift */; };
		AAE274CB270B6B9000CC1717 /* conoceCetacView.swift in Sources */ = {isa = PBXBuildFile; fileRef = AAE274CA270B6B9000CC1717 /* conoceCetacView.swift */; };
		AAE274CD270B6BFF00CC1717 /* listaTanatologosView.swift in Sources */ = {isa = PBXBuildFile; fileRef = AAE274CC270B6BFF00CC1717 /* listaTanatologosView.swift */; };
		AAE274D1270B6CB200CC1717 /* listaReportesView.swift in Sources */ = {isa = PBXBuildFile; fileRef = AAE274D0270B6CB200CC1717 /* listaReportesView.swift */; };
/* End PBXBuildFile section */

/* Begin PBXFileReference section */
		AA45F6B427065EC1001CD7DE /* CETAC.app */ = {isa = PBXFileReference; explicitFileType = wrapper.application; includeInIndex = 0; path = CETAC.app; sourceTree = BUILT_PRODUCTS_DIR; };
		AA45F6B727065EC1001CD7DE /* CETACApp.swift */ = {isa = PBXFileReference; lastKnownFileType = sourcecode.swift; path = CETACApp.swift; sourceTree = "<group>"; };
		AA45F6BB27065EC9001CD7DE /* Assets.xcassets */ = {isa = PBXFileReference; lastKnownFileType = folder.assetcatalog; path = Assets.xcassets; sourceTree = "<group>"; };
		AA45F6BE27065EC9001CD7DE /* Preview Assets.xcassets */ = {isa = PBXFileReference; lastKnownFileType = folder.assetcatalog; path = "Preview Assets.xcassets"; sourceTree = "<group>"; };
		AA45F6C927065F2C001CD7DE /* splashView.swift */ = {isa = PBXFileReference; lastKnownFileType = sourcecode.swift; path = splashView.swift; sourceTree = "<group>"; };
		AA45F6CD27065FBC001CD7DE /* loginView.swift */ = {isa = PBXFileReference; lastKnownFileType = sourcecode.swift; path = loginView.swift; sourceTree = "<group>"; };
		AAE274C2270B4E1B00CC1717 /* listaUsuariosView.swift */ = {isa = PBXFileReference; lastKnownFileType = sourcecode.swift; path = listaUsuariosView.swift; sourceTree = "<group>"; };
		AAE274C4270B5C8700CC1717 /* inicioView.swift */ = {isa = PBXFileReference; lastKnownFileType = sourcecode.swift; path = inicioView.swift; sourceTree = "<group>"; };
		AAE274CA270B6B9000CC1717 /* conoceCetacView.swift */ = {isa = PBXFileReference; lastKnownFileType = sourcecode.swift; path = conoceCetacView.swift; sourceTree = "<group>"; };
		AAE274CC270B6BFF00CC1717 /* listaTanatologosView.swift */ = {isa = PBXFileReference; lastKnownFileType = sourcecode.swift; path = listaTanatologosView.swift; sourceTree = "<group>"; };
		AAE274D0270B6CB200CC1717 /* listaReportesView.swift */ = {isa = PBXFileReference; lastKnownFileType = sourcecode.swift; path = listaReportesView.swift; sourceTree = "<group>"; };
/* End PBXFileReference section */

/* Begin PBXFrameworksBuildPhase section */
		AA45F6B127065EC1001CD7DE /* Frameworks */ = {
			isa = PBXFrameworksBuildPhase;
			buildActionMask = 2147483647;
			files = (
			);
			runOnlyForDeploymentPostprocessing = 0;
		};
/* End PBXFrameworksBuildPhase section */

/* Begin PBXGroup section */
		AA45F6AB27065EC1001CD7DE = {
			isa = PBXGroup;
			children = (
				AA45F6B627065EC1001CD7DE /* CETAC */,
				AA45F6B527065EC1001CD7DE /* Products */,
			);
			sourceTree = "<group>";
		};
		AA45F6B527065EC1001CD7DE /* Products */ = {
			isa = PBXGroup;
			children = (
				AA45F6B427065EC1001CD7DE /* CETAC.app */,
			);
			name = Products;
			sourceTree = "<group>";
		};
		AA45F6B627065EC1001CD7DE /* CETAC */ = {
			isa = PBXGroup;
			children = (
				AA45F6C527065EEE001CD7DE /* pantallas */,
				AA45F6B727065EC1001CD7DE /* CETACApp.swift */,
				AA45F6BB27065EC9001CD7DE /* Assets.xcassets */,
				AA45F6BD27065EC9001CD7DE /* Preview Content */,
			);
			path = CETAC;
			sourceTree = "<group>";
		};
		AA45F6BD27065EC9001CD7DE /* Preview Content */ = {
			isa = PBXGroup;
			children = (
				AA45F6BE27065EC9001CD7DE /* Preview Assets.xcassets */,
			);
			path = "Preview Content";
			sourceTree = "<group>";
		};
		AA45F6C527065EEE001CD7DE /* pantallas */ = {
			isa = PBXGroup;
			children = (
				AAE274CE270B6C9000CC1717 /* reportes */,
				AA45F6C827065F15001CD7DE /* sesion */,
				AA45F6C727065F01001CD7DE /* tanatologo */,
				AA45F6C627065EF7001CD7DE /* usuario */,
				AA45F6C927065F2C001CD7DE /* splashView.swift */,
				AAE274C4270B5C8700CC1717 /* inicioView.swift */,
				AA45F6CD27065FBC001CD7DE /* loginView.swift */,
				AAE274CA270B6B9000CC1717 /* conoceCetacView.swift */,
			);
			path = pantallas;
			sourceTree = "<group>";
		};
		AA45F6C627065EF7001CD7DE /* usuario */ = {
			isa = PBXGroup;
			children = (
				AAE274C2270B4E1B00CC1717 /* listaUsuariosView.swift */,
			);
			path = usuario;
			sourceTree = "<group>";
		};
		AA45F6C727065F01001CD7DE /* tanatologo */ = {
			isa = PBXGroup;
			children = (
				AAE274CC270B6BFF00CC1717 /* listaTanatologosView.swift */,
			);
			path = tanatologo;
			sourceTree = "<group>";
		};
		AA45F6C827065F15001CD7DE /* sesion */ = {
			isa = PBXGroup;
			children = (
			);
			path = sesion;
			sourceTree = "<group>";
		};
		AAE274CE270B6C9000CC1717 /* reportes */ = {
			isa = PBXGroup;
			children = (
				AAE274D0270B6CB200CC1717 /* listaReportesView.swift */,
			);
			path = reportes;
			sourceTree = "<group>";
		};
/* End PBXGroup section */

/* Begin PBXNativeTarget section */
		AA45F6B327065EC1001CD7DE /* CETAC */ = {
			isa = PBXNativeTarget;
			buildConfigurationList = AA45F6C227065EC9001CD7DE /* Build configuration list for PBXNativeTarget "CETAC" */;
			buildPhases = (
				AA45F6B027065EC1001CD7DE /* Sources */,
				AA45F6B127065EC1001CD7DE /* Frameworks */,
				AA45F6B227065EC1001CD7DE /* Resources */,
			);
			buildRules = (
			);
			dependencies = (
			);
			name = CETAC;
			productName = CETAC;
			productReference = AA45F6B427065EC1001CD7DE /* CETAC.app */;
			productType = "com.apple.product-type.application";
		};
/* End PBXNativeTarget section */

/* Begin PBXProject section */
		AA45F6AC27065EC1001CD7DE /* Project object */ = {
			isa = PBXProject;
			attributes = {
				BuildIndependentTargetsInParallel = 1;
				LastSwiftUpdateCheck = 1300;
				LastUpgradeCheck = 1300;
				TargetAttributes = {
					AA45F6B327065EC1001CD7DE = {
						CreatedOnToolsVersion = 13.0;
					};
				};
			};
			buildConfigurationList = AA45F6AF27065EC1001CD7DE /* Build configuration list for PBXProject "CETAC" */;
			compatibilityVersion = "Xcode 13.0";
			developmentRegion = en;
			hasScannedForEncodings = 0;
			knownRegions = (
				en,
				Base,
			);
			mainGroup = AA45F6AB27065EC1001CD7DE;
			productRefGroup = AA45F6B527065EC1001CD7DE /* Products */;
			projectDirPath = "";
			projectRoot = "";
			targets = (
				AA45F6B327065EC1001CD7DE /* CETAC */,
			);
		};
/* End PBXProject section */

/* Begin PBXResourcesBuildPhase section */
		AA45F6B227065EC1001CD7DE /* Resources */ = {
			isa = PBXResourcesBuildPhase;
			buildActionMask = 2147483647;
			files = (
				AA45F6BF27065EC9001CD7DE /* Preview Assets.xcassets in Resources */,
				AA45F6BC27065EC9001CD7DE /* Assets.xcassets in Resources */,
			);
			runOnlyForDeploymentPostprocessing = 0;
		};
/* End PBXResourcesBuildPhase section */

/* Begin PBXSourcesBuildPhase section */
		AA45F6B027065EC1001CD7DE /* Sources */ = {
			isa = PBXSourcesBuildPhase;
			buildActionMask = 2147483647;
			files = (
				AA45F6CA27065F2C001CD7DE /* splashView.swift in Sources */,
				AA45F6CE27065FBC001CD7DE /* loginView.swift in Sources */,
				AAE274C3270B4E1B00CC1717 /* listaUsuariosView.swift in Sources */,
				AAE274CD270B6BFF00CC1717 /* listaTanatologosView.swift in Sources */,
				AA45F6B827065EC1001CD7DE /* CETACApp.swift in Sources */,
				AAE274CB270B6B9000CC1717 /* conoceCetacView.swift in Sources */,
				AAE274D1270B6CB200CC1717 /* listaReportesView.swift in Sources */,
				AAE274C5270B5C8700CC1717 /* inicioView.swift in Sources */,
			);
			runOnlyForDeploymentPostprocessing = 0;
		};
/* End PBXSourcesBuildPhase section */

/* Begin XCBuildConfiguration section */
		AA45F6C027065EC9001CD7DE /* Debug */ = {
			isa = XCBuildConfiguration;
			buildSettings = {
				ALWAYS_SEARCH_USER_PATHS = NO;
				CLANG_ANALYZER_NONNULL = YES;
				CLANG_ANALYZER_NUMBER_OBJECT_CONVERSION = YES_AGGRESSIVE;
				CLANG_CXX_LANGUAGE_STANDARD = "gnu++17";
				CLANG_CXX_LIBRARY = "libc++";
				CLANG_ENABLE_MODULES = YES;
				CLANG_ENABLE_OBJC_ARC = YES;
				CLANG_ENABLE_OBJC_WEAK = YES;
				CLANG_WARN_BLOCK_CAPTURE_AUTORELEASING = YES;
				CLANG_WARN_BOOL_CONVERSION = YES;
				CLANG_WARN_COMMA = YES;
				CLANG_WARN_CONSTANT_CONVERSION = YES;
				CLANG_WARN_DEPRECATED_OBJC_IMPLEMENTATIONS = YES;
				CLANG_WARN_DIRECT_OBJC_ISA_USAGE = YES_ERROR;
				CLANG_WARN_DOCUMENTATION_COMMENTS = YES;
				CLANG_WARN_EMPTY_BODY = YES;
				CLANG_WARN_ENUM_CONVERSION = YES;
				CLANG_WARN_INFINITE_RECURSION = YES;
				CLANG_WARN_INT_CONVERSION = YES;
				CLANG_WARN_NON_LITERAL_NULL_CONVERSION = YES;
				CLANG_WARN_OBJC_IMPLICIT_RETAIN_SELF = YES;
				CLANG_WARN_OBJC_LITERAL_CONVERSION = YES;
				CLANG_WARN_OBJC_ROOT_CLASS = YES_ERROR;
				CLANG_WARN_QUOTED_INCLUDE_IN_FRAMEWORK_HEADER = YES;
				CLANG_WARN_RANGE_LOOP_ANALYSIS = YES;
				CLANG_WARN_STRICT_PROTOTYPES = YES;
				CLANG_WARN_SUSPICIOUS_MOVE = YES;
				CLANG_WARN_UNGUARDED_AVAILABILITY = YES_AGGRESSIVE;
				CLANG_WARN_UNREACHABLE_CODE = YES;
				CLANG_WARN__DUPLICATE_METHOD_MATCH = YES;
				COPY_PHASE_STRIP = NO;
				DEBUG_INFORMATION_FORMAT = dwarf;
				ENABLE_STRICT_OBJC_MSGSEND = YES;
				ENABLE_TESTABILITY = YES;
				GCC_C_LANGUAGE_STANDARD = gnu11;
				GCC_DYNAMIC_NO_PIC = NO;
				GCC_NO_COMMON_BLOCKS = YES;
				GCC_OPTIMIZATION_LEVEL = 0;
				GCC_PREPROCESSOR_DEFINITIONS = (
					"DEBUG=1",
					"$(inherited)",
				);
				GCC_WARN_64_TO_32_BIT_CONVERSION = YES;
				GCC_WARN_ABOUT_RETURN_TYPE = YES_ERROR;
				GCC_WARN_UNDECLARED_SELECTOR = YES;
				GCC_WARN_UNINITIALIZED_AUTOS = YES_AGGRESSIVE;
				GCC_WARN_UNUSED_FUNCTION = YES;
				GCC_WARN_UNUSED_VARIABLE = YES;
				IPHONEOS_DEPLOYMENT_TARGET = 15.0;
				MTL_ENABLE_DEBUG_INFO = INCLUDE_SOURCE;
				MTL_FAST_MATH = YES;
				ONLY_ACTIVE_ARCH = YES;
				SDKROOT = iphoneos;
				SWIFT_ACTIVE_COMPILATION_CONDITIONS = DEBUG;
				SWIFT_OPTIMIZATION_LEVEL = "-Onone";
			};
			name = Debug;
		};
		AA45F6C127065EC9001CD7DE /* Release */ = {
			isa = XCBuildConfiguration;
			buildSettings = {
				ALWAYS_SEARCH_USER_PATHS = NO;
				CLANG_ANALYZER_NONNULL = YES;
				CLANG_ANALYZER_NUMBER_OBJECT_CONVERSION = YES_AGGRESSIVE;
				CLANG_CXX_LANGUAGE_STANDARD = "gnu++17";
				CLANG_CXX_LIBRARY = "libc++";
				CLANG_ENABLE_MODULES = YES;
				CLANG_ENABLE_OBJC_ARC = YES;
				CLANG_ENABLE_OBJC_WEAK = YES;
				CLANG_WARN_BLOCK_CAPTURE_AUTORELEASING = YES;
				CLANG_WARN_BOOL_CONVERSION = YES;
				CLANG_WARN_COMMA = YES;
				CLANG_WARN_CONSTANT_CONVERSION = YES;
				CLANG_WARN_DEPRECATED_OBJC_IMPLEMENTATIONS = YES;
				CLANG_WARN_DIRECT_OBJC_ISA_USAGE = YES_ERROR;
				CLANG_WARN_DOCUMENTATION_COMMENTS = YES;
				CLANG_WARN_EMPTY_BODY = YES;
				CLANG_WARN_ENUM_CONVERSION = YES;
				CLANG_WARN_INFINITE_RECURSION = YES;
				CLANG_WARN_INT_CONVERSION = YES;
				CLANG_WARN_NON_LITERAL_NULL_CONVERSION = YES;
				CLANG_WARN_OBJC_IMPLICIT_RETAIN_SELF = YES;
				CLANG_WARN_OBJC_LITERAL_CONVERSION = YES;
				CLANG_WARN_OBJC_ROOT_CLASS = YES_ERROR;
				CLANG_WARN_QUOTED_INCLUDE_IN_FRAMEWORK_HEADER = YES;
				CLANG_WARN_RANGE_LOOP_ANALYSIS = YES;
				CLANG_WARN_STRICT_PROTOTYPES = YES;
				CLANG_WARN_SUSPICIOUS_MOVE = YES;
				CLANG_WARN_UNGUARDED_AVAILABILITY = YES_AGGRESSIVE;
				CLANG_WARN_UNREACHABLE_CODE = YES;
				CLANG_WARN__DUPLICATE_METHOD_MATCH = YES;
				COPY_PHASE_STRIP = NO;
				DEBUG_INFORMATION_FORMAT = "dwarf-with-dsym";
				ENABLE_NS_ASSERTIONS = NO;
				ENABLE_STRICT_OBJC_MSGSEND = YES;
				GCC_C_LANGUAGE_STANDARD = gnu11;
				GCC_NO_COMMON_BLOCKS = YES;
				GCC_WARN_64_TO_32_BIT_CONVERSION = YES;
				GCC_WARN_ABOUT_RETURN_TYPE = YES_ERROR;
				GCC_WARN_UNDECLARED_SELECTOR = YES;
				GCC_WARN_UNINITIALIZED_AUTOS = YES_AGGRESSIVE;
				GCC_WARN_UNUSED_FUNCTION = YES;
				GCC_WARN_UNUSED_VARIABLE = YES;
				IPHONEOS_DEPLOYMENT_TARGET = 15.0;
				MTL_ENABLE_DEBUG_INFO = NO;
				MTL_FAST_MATH = YES;
				SDKROOT = iphoneos;
				SWIFT_COMPILATION_MODE = wholemodule;
				SWIFT_OPTIMIZATION_LEVEL = "-O";
				VALIDATE_PRODUCT = YES;
			};
			name = Release;
		};
		AA45F6C327065EC9001CD7DE /* Debug */ = {
			isa = XCBuildConfiguration;
			buildSettings = {
				ASSETCATALOG_COMPILER_APPICON_NAME = AppIcon;
				ASSETCATALOG_COMPILER_GLOBAL_ACCENT_COLOR_NAME = AccentColor;
				CODE_SIGN_STYLE = Automatic;
				CURRENT_PROJECT_VERSION = 1;
				DEVELOPMENT_ASSET_PATHS = "\"CETAC/Preview Content\"";
				DEVELOPMENT_TEAM = JDBBNCSY44;
				ENABLE_PREVIEWS = YES;
				GENERATE_INFOPLIST_FILE = YES;
				INFOPLIST_KEY_UIApplicationSceneManifest_Generation = YES;
				INFOPLIST_KEY_UIApplicationSupportsIndirectInputEvents = YES;
				INFOPLIST_KEY_UILaunchScreen_Generation = YES;
				INFOPLIST_KEY_UISupportedInterfaceOrientations_iPad = "UIInterfaceOrientationPortrait UIInterfaceOrientationPortraitUpsideDown UIInterfaceOrientationLandscapeLeft UIInterfaceOrientationLandscapeRight";
				INFOPLIST_KEY_UISupportedInterfaceOrientations_iPhone = "UIInterfaceOrientationPortrait UIInterfaceOrientationLandscapeLeft UIInterfaceOrientationLandscapeRight";
				IPHONEOS_DEPLOYMENT_TARGET = 15.0;
				LD_RUNPATH_SEARCH_PATHS = (
					"$(inherited)",
					"@executable_path/Frameworks",
				);
				MARKETING_VERSION = 1.0;
				PRODUCT_BUNDLE_IDENTIFIER = christiangr.CETAC;
				PRODUCT_NAME = "$(TARGET_NAME)";
				SWIFT_EMIT_LOC_STRINGS = YES;
				SWIFT_VERSION = 5.0;
				TARGETED_DEVICE_FAMILY = "1,2";
			};
			name = Debug;
		};
		AA45F6C427065EC9001CD7DE /* Release */ = {
			isa = XCBuildConfiguration;
			buildSettings = {
				ASSETCATALOG_COMPILER_APPICON_NAME = AppIcon;
				ASSETCATALOG_COMPILER_GLOBAL_ACCENT_COLOR_NAME = AccentColor;
				CODE_SIGN_STYLE = Automatic;
				CURRENT_PROJECT_VERSION = 1;
				DEVELOPMENT_ASSET_PATHS = "\"CETAC/Preview Content\"";
				DEVELOPMENT_TEAM = JDBBNCSY44;
				ENABLE_PREVIEWS = YES;
				GENERATE_INFOPLIST_FILE = YES;
				INFOPLIST_KEY_UIApplicationSceneManifest_Generation = YES;
				INFOPLIST_KEY_UIApplicationSupportsIndirectInputEvents = YES;
				INFOPLIST_KEY_UILaunchScreen_Generation = YES;
				INFOPLIST_KEY_UISupportedInterfaceOrientations_iPad = "UIInterfaceOrientationPortrait UIInterfaceOrientationPortraitUpsideDown UIInterfaceOrientationLandscapeLeft UIInterfaceOrientationLandscapeRight";
				INFOPLIST_KEY_UISupportedInterfaceOrientations_iPhone = "UIInterfaceOrientationPortrait UIInterfaceOrientationLandscapeLeft UIInterfaceOrientationLandscapeRight";
				IPHONEOS_DEPLOYMENT_TARGET = 15.0;
				LD_RUNPATH_SEARCH_PATHS = (
					"$(inherited)",
					"@executable_path/Frameworks",
				);
				MARKETING_VERSION = 1.0;
				PRODUCT_BUNDLE_IDENTIFIER = christiangr.CETAC;
				PRODUCT_NAME = "$(TARGET_NAME)";
				SWIFT_EMIT_LOC_STRINGS = YES;
				SWIFT_VERSION = 5.0;
				TARGETED_DEVICE_FAMILY = "1,2";
			};
			name = Release;
		};
/* End XCBuildConfiguration section */

/* Begin XCConfigurationList section */
		AA45F6AF27065EC1001CD7DE /* Build configuration list for PBXProject "CETAC" */ = {
			isa = XCConfigurationList;
			buildConfigurations = (
				AA45F6C027065EC9001CD7DE /* Debug */,
				AA45F6C127065EC9001CD7DE /* Release */,
			);
			defaultConfigurationIsVisible = 0;
			defaultConfigurationName = Release;
		};
		AA45F6C227065EC9001CD7DE /* Build configuration list for PBXNativeTarget "CETAC" */ = {
			isa = XCConfigurationList;
			buildConfigurations = (
				AA45F6C327065EC9001CD7DE /* Debug */,
				AA45F6C427065EC9001CD7DE /* Release */,
			);
			defaultConfigurationIsVisible = 0;
			defaultConfigurationName = Release;
		};
/* End XCConfigurationList section */
	};
	rootObject = AA45F6AC27065EC1001CD7DE /* Project object */;
}
